// !$*UTF8*$!
{
	archiveVersion = 1;
	classes = {
	};
	objectVersion = 55;
	objects = {

/* Begin PBXBuildFile section */
		C3202318289BF97500EEF2A4 /* AppDelegate.swift in Sources */ = {isa = PBXBuildFile; fileRef = C3202317289BF97500EEF2A4 /* AppDelegate.swift */; };
		C320231A289BF97500EEF2A4 /* SceneDelegate.swift in Sources */ = {isa = PBXBuildFile; fileRef = C3202319289BF97500EEF2A4 /* SceneDelegate.swift */; };
		C320231C289BF97500EEF2A4 /* ViewController.swift in Sources */ = {isa = PBXBuildFile; fileRef = C320231B289BF97500EEF2A4 /* ViewController.swift */; };
		C320231F289BF97500EEF2A4 /* Main.storyboard in Resources */ = {isa = PBXBuildFile; fileRef = C320231D289BF97500EEF2A4 /* Main.storyboard */; };
		C3202321289BF97600EEF2A4 /* Assets.xcassets in Resources */ = {isa = PBXBuildFile; fileRef = C3202320289BF97600EEF2A4 /* Assets.xcassets */; };
		C3202324289BF97600EEF2A4 /* LaunchScreen.storyboard in Resources */ = {isa = PBXBuildFile; fileRef = C3202322289BF97600EEF2A4 /* LaunchScreen.storyboard */; };
		C320232F289BF97600EEF2A4 /* attpracticeTests.swift in Sources */ = {isa = PBXBuildFile; fileRef = C320232E289BF97600EEF2A4 /* attpracticeTests.swift */; };
		C3202339289BF97600EEF2A4 /* attpracticeUITests.swift in Sources */ = {isa = PBXBuildFile; fileRef = C3202338289BF97600EEF2A4 /* attpracticeUITests.swift */; };
		C320233B289BF97600EEF2A4 /* attpracticeUITestsLaunchTests.swift in Sources */ = {isa = PBXBuildFile; fileRef = C320233A289BF97600EEF2A4 /* attpracticeUITestsLaunchTests.swift */; };
/* End PBXBuildFile section */

/* Begin PBXContainerItemProxy section */
		C320232B289BF97600EEF2A4 /* PBXContainerItemProxy */ = {
			isa = PBXContainerItemProxy;
			containerPortal = C320230C289BF97500EEF2A4 /* Project object */;
			proxyType = 1;
			remoteGlobalIDString = C3202313289BF97500EEF2A4;
			remoteInfo = attpractice;
		};
		C3202335289BF97600EEF2A4 /* PBXContainerItemProxy */ = {
			isa = PBXContainerItemProxy;
			containerPortal = C320230C289BF97500EEF2A4 /* Project object */;
			proxyType = 1;
			remoteGlobalIDString = C3202313289BF97500EEF2A4;
			remoteInfo = attpractice;
		};
/* End PBXContainerItemProxy section */

/* Begin PBXFileReference section */
		C3202314289BF97500EEF2A4 /* attpractice.app */ = {isa = PBXFileReference; explicitFileType = wrapper.application; includeInIndex = 0; path = attpractice.app; sourceTree = BUILT_PRODUCTS_DIR; };
		C3202317289BF97500EEF2A4 /* AppDelegate.swift */ = {isa = PBXFileReference; lastKnownFileType = sourcecode.swift; path = AppDelegate.swift; sourceTree = "<group>"; };
		C3202319289BF97500EEF2A4 /* SceneDelegate.swift */ = {isa = PBXFileReference; lastKnownFileType = sourcecode.swift; path = SceneDelegate.swift; sourceTree = "<group>"; };
		C320231B289BF97500EEF2A4 /* ViewController.swift */ = {isa = PBXFileReference; lastKnownFileType = sourcecode.swift; path = ViewController.swift; sourceTree = "<group>"; };
		C320231E289BF97500EEF2A4 /* Base */ = {isa = PBXFileReference; lastKnownFileType = file.storyboard; name = Base; path = Base.lproj/Main.storyboard; sourceTree = "<group>"; };
		C3202320289BF97600EEF2A4 /* Assets.xcassets */ = {isa = PBXFileReference; lastKnownFileType = folder.assetcatalog; path = Assets.xcassets; sourceTree = "<group>"; };
		C3202323289BF97600EEF2A4 /* Base */ = {isa = PBXFileReference; lastKnownFileType = file.storyboard; name = Base; path = Base.lproj/LaunchScreen.storyboard; sourceTree = "<group>"; };
		C3202325289BF97600EEF2A4 /* Info.plist */ = {isa = PBXFileReference; lastKnownFileType = text.plist.xml; path = Info.plist; sourceTree = "<group>"; };
		C320232A289BF97600EEF2A4 /* attpracticeTests.xctest */ = {isa = PBXFileReference; explicitFileType = wrapper.cfbundle; includeInIndex = 0; path = attpracticeTests.xctest; sourceTree = BUILT_PRODUCTS_DIR; };
		C320232E289BF97600EEF2A4 /* attpracticeTests.swift */ = {isa = PBXFileReference; lastKnownFileType = sourcecode.swift; path = attpracticeTests.swift; sourceTree = "<group>"; };
		C3202334289BF97600EEF2A4 /* attpracticeUITests.xctest */ = {isa = PBXFileReference; explicitFileType = wrapper.cfbundle; includeInIndex = 0; path = attpracticeUITests.xctest; sourceTree = BUILT_PRODUCTS_DIR; };
		C3202338289BF97600EEF2A4 /* attpracticeUITests.swift */ = {isa = PBXFileReference; lastKnownFileType = sourcecode.swift; path = attpracticeUITests.swift; sourceTree = "<group>"; };
		C320233A289BF97600EEF2A4 /* attpracticeUITestsLaunchTests.swift */ = {isa = PBXFileReference; lastKnownFileType = sourcecode.swift; path = attpracticeUITestsLaunchTests.swift; sourceTree = "<group>"; };
/* End PBXFileReference section */

/* Begin PBXFrameworksBuildPhase section */
		C3202311289BF97500EEF2A4 /* Frameworks */ = {
			isa = PBXFrameworksBuildPhase;
			buildActionMask = 2147483647;
			files = (
			);
			runOnlyForDeploymentPostprocessing = 0;
		};
		C3202327289BF97600EEF2A4 /* Frameworks */ = {
			isa = PBXFrameworksBuildPhase;
			buildActionMask = 2147483647;
			files = (
			);
			runOnlyForDeploymentPostprocessing = 0;
		};
		C3202331289BF97600EEF2A4 /* Frameworks */ = {
			isa = PBXFrameworksBuildPhase;
			buildActionMask = 2147483647;
			files = (
			);
			runOnlyForDeploymentPostprocessing = 0;
		};
/* End PBXFrameworksBuildPhase section */

/* Begin PBXGroup section */
		C320230B289BF97500EEF2A4 = {
			isa = PBXGroup;
			children = (
				C3202316289BF97500EEF2A4 /* attpractice */,
				C320232D289BF97600EEF2A4 /* attpracticeTests */,
				C3202337289BF97600EEF2A4 /* attpracticeUITests */,
				C3202315289BF97500EEF2A4 /* Products */,
			);
			sourceTree = "<group>";
		};
		C3202315289BF97500EEF2A4 /* Products */ = {
			isa = PBXGroup;
			children = (
				C3202314289BF97500EEF2A4 /* attpractice.app */,
				C320232A289BF97600EEF2A4 /* attpracticeTests.xctest */,
				C3202334289BF97600EEF2A4 /* attpracticeUITests.xctest */,
			);
			name = Products;
			sourceTree = "<group>";
		};
		C3202316289BF97500EEF2A4 /* attpractice */ = {
			isa = PBXGroup;
			children = (
				C3202317289BF97500EEF2A4 /* AppDelegate.swift */,
				C3202319289BF97500EEF2A4 /* SceneDelegate.swift */,
				C320231B289BF97500EEF2A4 /* ViewController.swift */,
				C320231D289BF97500EEF2A4 /* Main.storyboard */,
				C3202320289BF97600EEF2A4 /* Assets.xcassets */,
				C3202322289BF97600EEF2A4 /* LaunchScreen.storyboard */,
				C3202325289BF97600EEF2A4 /* Info.plist */,
			);
			path = attpractice;
			sourceTree = "<group>";
		};
		C320232D289BF97600EEF2A4 /* attpracticeTests */ = {
			isa = PBXGroup;
			children = (
				C320232E289BF97600EEF2A4 /* attpracticeTests.swift */,
			);
			path = attpracticeTests;
			sourceTree = "<group>";
		};
		C3202337289BF97600EEF2A4 /* attpracticeUITests */ = {
			isa = PBXGroup;
			children = (
				C3202338289BF97600EEF2A4 /* attpracticeUITests.swift */,
				C320233A289BF97600EEF2A4 /* attpracticeUITestsLaunchTests.swift */,
			);
			path = attpracticeUITests;
			sourceTree = "<group>";
		};
/* End PBXGroup section */

/* Begin PBXNativeTarget section */
		C3202313289BF97500EEF2A4 /* attpractice */ = {
			isa = PBXNativeTarget;
			buildConfigurationList = C320233E289BF97600EEF2A4 /* Build configuration list for PBXNativeTarget "attpractice" */;
			buildPhases = (
				C3202310289BF97500EEF2A4 /* Sources */,
				C3202311289BF97500EEF2A4 /* Frameworks */,
				C3202312289BF97500EEF2A4 /* Resources */,
			);
			buildRules = (
			);
			dependencies = (
			);
			name = attpractice;
			productName = attpractice;
			productReference = C3202314289BF97500EEF2A4 /* attpractice.app */;
			productType = "com.apple.product-type.application";
		};
		C3202329289BF97600EEF2A4 /* attpracticeTests */ = {
			isa = PBXNativeTarget;
			buildConfigurationList = C3202341289BF97600EEF2A4 /* Build configuration list for PBXNativeTarget "attpracticeTests" */;
			buildPhases = (
				C3202326289BF97600EEF2A4 /* Sources */,
				C3202327289BF97600EEF2A4 /* Frameworks */,
				C3202328289BF97600EEF2A4 /* Resources */,
			);
			buildRules = (
			);
			dependencies = (
				C320232C289BF97600EEF2A4 /* PBXTargetDependency */,
			);
			name = attpracticeTests;
			productName = attpracticeTests;
			productReference = C320232A289BF97600EEF2A4 /* attpracticeTests.xctest */;
			productType = "com.apple.product-type.bundle.unit-test";
		};
		C3202333289BF97600EEF2A4 /* attpracticeUITests */ = {
			isa = PBXNativeTarget;
			buildConfigurationList = C3202344289BF97600EEF2A4 /* Build configuration list for PBXNativeTarget "attpracticeUITests" */;
			buildPhases = (
				C3202330289BF97600EEF2A4 /* Sources */,
				C3202331289BF97600EEF2A4 /* Frameworks */,
				C3202332289BF97600EEF2A4 /* Resources */,
			);
			buildRules = (
			);
			dependencies = (
				C3202336289BF97600EEF2A4 /* PBXTargetDependency */,
			);
			name = attpracticeUITests;
			productName = attpracticeUITests;
			productReference = C3202334289BF97600EEF2A4 /* attpracticeUITests.xctest */;
			productType = "com.apple.product-type.bundle.ui-testing";
		};
/* End PBXNativeTarget section */

/* Begin PBXProject section */
		C320230C289BF97500EEF2A4 /* Project object */ = {
			isa = PBXProject;
			attributes = {
				BuildIndependentTargetsInParallel = 1;
				LastSwiftUpdateCheck = 1340;
				LastUpgradeCheck = 1340;
				TargetAttributes = {
					C3202313289BF97500EEF2A4 = {
						CreatedOnToolsVersion = 13.4.1;
					};
					C3202329289BF97600EEF2A4 = {
						CreatedOnToolsVersion = 13.4.1;
						TestTargetID = C3202313289BF97500EEF2A4;
					};
					C3202333289BF97600EEF2A4 = {
						CreatedOnToolsVersion = 13.4.1;
						TestTargetID = C3202313289BF97500EEF2A4;
					};
				};
			};
			buildConfigurationList = C320230F289BF97500EEF2A4 /* Build configuration list for PBXProject "attpractice" */;
			compatibilityVersion = "Xcode 13.0";
			developmentRegion = en;
			hasScannedForEncodings = 0;
			knownRegions = (
				en,
				Base,
			);
			mainGroup = C320230B289BF97500EEF2A4;
			productRefGroup = C3202315289BF97500EEF2A4 /* Products */;
			projectDirPath = "";
			projectRoot = "";
			targets = (
				C3202313289BF97500EEF2A4 /* attpractice */,
				C3202329289BF97600EEF2A4 /* attpracticeTests */,
				C3202333289BF97600EEF2A4 /* attpracticeUITests */,
			);
		};
/* End PBXProject section */

/* Begin PBXResourcesBuildPhase section */
		C3202312289BF97500EEF2A4 /* Resources */ = {
			isa = PBXResourcesBuildPhase;
			buildActionMask = 2147483647;
			files = (
				C3202324289BF97600EEF2A4 /* LaunchScreen.storyboard in Resources */,
				C3202321289BF97600EEF2A4 /* Assets.xcassets in Resources */,
				C320231F289BF97500EEF2A4 /* Main.storyboard in Resources */,
			);
			runOnlyForDeploymentPostprocessing = 0;
		};
		C3202328289BF97600EEF2A4 /* Resources */ = {
			isa = PBXResourcesBuildPhase;
			buildActionMask = 2147483647;
			files = (
			);
			runOnlyForDeploymentPostprocessing = 0;
		};
		C3202332289BF97600EEF2A4 /* Resources */ = {
			isa = PBXResourcesBuildPhase;
			buildActionMask = 2147483647;
			files = (
			);
			runOnlyForDeploymentPostprocessing = 0;
		};
/* End PBXResourcesBuildPhase section */

/* Begin PBXSourcesBuildPhase section */
		C3202310289BF97500EEF2A4 /* Sources */ = {
			isa = PBXSourcesBuildPhase;
			buildActionMask = 2147483647;
			files = (
				C320231C289BF97500EEF2A4 /* ViewController.swift in Sources */,
				C3202318289BF97500EEF2A4 /* AppDelegate.swift in Sources */,
				C320231A289BF97500EEF2A4 /* SceneDelegate.swift in Sources */,
			);
			runOnlyForDeploymentPostprocessing = 0;
		};
		C3202326289BF97600EEF2A4 /* Sources */ = {
			isa = PBXSourcesBuildPhase;
			buildActionMask = 2147483647;
			files = (
				C320232F289BF97600EEF2A4 /* attpracticeTests.swift in Sources */,
			);
			runOnlyForDeploymentPostprocessing = 0;
		};
		C3202330289BF97600EEF2A4 /* Sources */ = {
			isa = PBXSourcesBuildPhase;
			buildActionMask = 2147483647;
			files = (
				C3202339289BF97600EEF2A4 /* attpracticeUITests.swift in Sources */,
				C320233B289BF97600EEF2A4 /* attpracticeUITestsLaunchTests.swift in Sources */,
			);
			runOnlyForDeploymentPostprocessing = 0;
		};
/* End PBXSourcesBuildPhase section */

/* Begin PBXTargetDependency section */
		C320232C289BF97600EEF2A4 /* PBXTargetDependency */ = {
			isa = PBXTargetDependency;
			target = C3202313289BF97500EEF2A4 /* attpractice */;
			targetProxy = C320232B289BF97600EEF2A4 /* PBXContainerItemProxy */;
		};
		C3202336289BF97600EEF2A4 /* PBXTargetDependency */ = {
			isa = PBXTargetDependency;
			target = C3202313289BF97500EEF2A4 /* attpractice */;
			targetProxy = C3202335289BF97600EEF2A4 /* PBXContainerItemProxy */;
		};
/* End PBXTargetDependency section */

/* Begin PBXVariantGroup section */
		C320231D289BF97500EEF2A4 /* Main.storyboard */ = {
			isa = PBXVariantGroup;
			children = (
				C320231E289BF97500EEF2A4 /* Base */,
			);
			name = Main.storyboard;
			sourceTree = "<group>";
		};
		C3202322289BF97600EEF2A4 /* LaunchScreen.storyboard */ = {
			isa = PBXVariantGroup;
			children = (
				C3202323289BF97600EEF2A4 /* Base */,
			);
			name = LaunchScreen.storyboard;
			sourceTree = "<group>";
		};
/* End PBXVariantGroup section */

/* Begin XCBuildConfiguration section */
		C320233C289BF97600EEF2A4 /* Debug */ = {
			isa = XCBuildConfiguration;
			buildSettings = {
				ALWAYS_SEARCH_USER_PATHS = NO;
				CLANG_ANALYZER_NONNULL = YES;
				CLANG_ANALYZER_NUMBER_OBJECT_CONVERSION = YES_AGGRESSIVE;
				CLANG_CXX_LANGUAGE_STANDARD = "gnu++17";
				CLANG_ENABLE_MODULES = YES;
				CLANG_ENABLE_OBJC_ARC = YES;
				CLANG_ENABLE_OBJC_WEAK = YES;
				CLANG_WARN_BLOCK_CAPTURE_AUTORELEASING = YES;
				CLANG_WARN_BOOL_CONVERSION = YES;
				CLANG_WARN_COMMA = YES;
				CLANG_WARN_CONSTANT_CONVERSION = YES;
				CLANG_WARN_DEPRECATED_OBJC_IMPLEMENTATIONS = YES;
				CLANG_WARN_DIRECT_OBJC_ISA_USAGE = YES_ERROR;
				CLANG_WARN_DOCUMENTATION_COMMENTS = YES;
				CLANG_WARN_EMPTY_BODY = YES;
				CLANG_WARN_ENUM_CONVERSION = YES;
				CLANG_WARN_INFINITE_RECURSION = YES;
				CLANG_WARN_INT_CONVERSION = YES;
				CLANG_WARN_NON_LITERAL_NULL_CONVERSION = YES;
				CLANG_WARN_OBJC_IMPLICIT_RETAIN_SELF = YES;
				CLANG_WARN_OBJC_LITERAL_CONVERSION = YES;
				CLANG_WARN_OBJC_ROOT_CLASS = YES_ERROR;
				CLANG_WARN_QUOTED_INCLUDE_IN_FRAMEWORK_HEADER = YES;
				CLANG_WARN_RANGE_LOOP_ANALYSIS = YES;
				CLANG_WARN_STRICT_PROTOTYPES = YES;
				CLANG_WARN_SUSPICIOUS_MOVE = YES;
				CLANG_WARN_UNGUARDED_AVAILABILITY = YES_AGGRESSIVE;
				CLANG_WARN_UNREACHABLE_CODE = YES;
				CLANG_WARN__DUPLICATE_METHOD_MATCH = YES;
				COPY_PHASE_STRIP = NO;
				DEBUG_INFORMATION_FORMAT = dwarf;
				ENABLE_STRICT_OBJC_MSGSEND = YES;
				ENABLE_TESTABILITY = YES;
				GCC_C_LANGUAGE_STANDARD = gnu11;
				GCC_DYNAMIC_NO_PIC = NO;
				GCC_NO_COMMON_BLOCKS = YES;
				GCC_OPTIMIZATION_LEVEL = 0;
				GCC_PREPROCESSOR_DEFINITIONS = (
					"DEBUG=1",
					"$(inherited)",
				);
				GCC_WARN_64_TO_32_BIT_CONVERSION = YES;
				GCC_WARN_ABOUT_RETURN_TYPE = YES_ERROR;
				GCC_WARN_UNDECLARED_SELECTOR = YES;
				GCC_WARN_UNINITIALIZED_AUTOS = YES_AGGRESSIVE;
				GCC_WARN_UNUSED_FUNCTION = YES;
				GCC_WARN_UNUSED_VARIABLE = YES;
				IPHONEOS_DEPLOYMENT_TARGET = 15.5;
				MTL_ENABLE_DEBUG_INFO = INCLUDE_SOURCE;
				MTL_FAST_MATH = YES;
				ONLY_ACTIVE_ARCH = YES;
				SDKROOT = iphoneos;
				SWIFT_ACTIVE_COMPILATION_CONDITIONS = DEBUG;
				SWIFT_OPTIMIZATION_LEVEL = "-Onone";
			};
			name = Debug;
		};
		C320233D289BF97600EEF2A4 /* Release */ = {
			isa = XCBuildConfiguration;
			buildSettings = {
				ALWAYS_SEARCH_USER_PATHS = NO;
				CLANG_ANALYZER_NONNULL = YES;
				CLANG_ANALYZER_NUMBER_OBJECT_CONVERSION = YES_AGGRESSIVE;
				CLANG_CXX_LANGUAGE_STANDARD = "gnu++17";
				CLANG_ENABLE_MODULES = YES;
				CLANG_ENABLE_OBJC_ARC = YES;
				CLANG_ENABLE_OBJC_WEAK = YES;
				CLANG_WARN_BLOCK_CAPTURE_AUTORELEASING = YES;
				CLANG_WARN_BOOL_CONVERSION = YES;
				CLANG_WARN_COMMA = YES;
				CLANG_WARN_CONSTANT_CONVERSION = YES;
				CLANG_WARN_DEPRECATED_OBJC_IMPLEMENTATIONS = YES;
				CLANG_WARN_DIRECT_OBJC_ISA_USAGE = YES_ERROR;
				CLANG_WARN_DOCUMENTATION_COMMENTS = YES;
				CLANG_WARN_EMPTY_BODY = YES;
				CLANG_WARN_ENUM_CONVERSION = YES;
				CLANG_WARN_INFINITE_RECURSION = YES;
				CLANG_WARN_INT_CONVERSION = YES;
				CLANG_WARN_NON_LITERAL_NULL_CONVERSION = YES;
				CLANG_WARN_OBJC_IMPLICIT_RETAIN_SELF = YES;
				CLANG_WARN_OBJC_LITERAL_CONVERSION = YES;
				CLANG_WARN_OBJC_ROOT_CLASS = YES_ERROR;
				CLANG_WARN_QUOTED_INCLUDE_IN_FRAMEWORK_HEADER = YES;
				CLANG_WARN_RANGE_LOOP_ANALYSIS = YES;
				CLANG_WARN_STRICT_PROTOTYPES = YES;
				CLANG_WARN_SUSPICIOUS_MOVE = YES;
				CLANG_WARN_UNGUARDED_AVAILABILITY = YES_AGGRESSIVE;
				CLANG_WARN_UNREACHABLE_CODE = YES;
				CLANG_WARN__DUPLICATE_METHOD_MATCH = YES;
				COPY_PHASE_STRIP = NO;
				DEBUG_INFORMATION_FORMAT = "dwarf-with-dsym";
				ENABLE_NS_ASSERTIONS = NO;
				ENABLE_STRICT_OBJC_MSGSEND = YES;
				GCC_C_LANGUAGE_STANDARD = gnu11;
				GCC_NO_COMMON_BLOCKS = YES;
				GCC_WARN_64_TO_32_BIT_CONVERSION = YES;
				GCC_WARN_ABOUT_RETURN_TYPE = YES_ERROR;
				GCC_WARN_UNDECLARED_SELECTOR = YES;
				GCC_WARN_UNINITIALIZED_AUTOS = YES_AGGRESSIVE;
				GCC_WARN_UNUSED_FUNCTION = YES;
				GCC_WARN_UNUSED_VARIABLE = YES;
				IPHONEOS_DEPLOYMENT_TARGET = 15.5;
				MTL_ENABLE_DEBUG_INFO = NO;
				MTL_FAST_MATH = YES;
				SDKROOT = iphoneos;
				SWIFT_COMPILATION_MODE = wholemodule;
				SWIFT_OPTIMIZATION_LEVEL = "-O";
				VALIDATE_PRODUCT = YES;
			};
			name = Release;
		};
		C320233F289BF97600EEF2A4 /* Debug */ = {
			isa = XCBuildConfiguration;
			buildSettings = {
				ASSETCATALOG_COMPILER_APPICON_NAME = AppIcon;
				ASSETCATALOG_COMPILER_GLOBAL_ACCENT_COLOR_NAME = AccentColor;
				CODE_SIGN_STYLE = Automatic;
				CURRENT_PROJECT_VERSION = 1;
				GENERATE_INFOPLIST_FILE = YES;
				INFOPLIST_FILE = attpractice/Info.plist;
				INFOPLIST_KEY_UIApplicationSupportsIndirectInputEvents = YES;
				INFOPLIST_KEY_UILaunchStoryboardName = LaunchScreen;
				INFOPLIST_KEY_UIMainStoryboardFile = Main;
				INFOPLIST_KEY_UISupportedInterfaceOrientations_iPad = "UIInterfaceOrientationPortrait UIInterfaceOrientationPortraitUpsideDown UIInterfaceOrientationLandscapeLeft UIInterfaceOrientationLandscapeRight";
				INFOPLIST_KEY_UISupportedInterfaceOrientations_iPhone = "UIInterfaceOrientationPortrait UIInterfaceOrientationLandscapeLeft UIInterfaceOrientationLandscapeRight";
				LD_RUNPATH_SEARCH_PATHS = (
					"$(inherited)",
					"@executable_path/Frameworks",
				);
				MARKETING_VERSION = 1.0;
				PRODUCT_BUNDLE_IDENTIFIER = com.igafox.com.attpractice;
				PRODUCT_NAME = "$(TARGET_NAME)";
				SWIFT_EMIT_LOC_STRINGS = YES;
				SWIFT_VERSION = 5.0;
				TARGETED_DEVICE_FAMILY = "1,2";
			};
			name = Debug;
		};
		C3202340289BF97600EEF2A4 /* Release */ = {
			isa = XCBuildConfiguration;
			buildSettings = {
				ASSETCATALOG_COMPILER_APPICON_NAME = AppIcon;
				ASSETCATALOG_COMPILER_GLOBAL_ACCENT_COLOR_NAME = AccentColor;
				CODE_SIGN_STYLE = Automatic;
				CURRENT_PROJECT_VERSION = 1;
				GENERATE_INFOPLIST_FILE = YES;
				INFOPLIST_FILE = attpractice/Info.plist;
				INFOPLIST_KEY_UIApplicationSupportsIndirectInputEvents = YES;
				INFOPLIST_KEY_UILaunchStoryboardName = LaunchScreen;
				INFOPLIST_KEY_UIMainStoryboardFile = Main;
				INFOPLIST_KEY_UISupportedInterfaceOrientations_iPad = "UIInterfaceOrientationPortrait UIInterfaceOrientationPortraitUpsideDown UIInterfaceOrientationLandscapeLeft UIInterfaceOrientationLandscapeRight";
				INFOPLIST_KEY_UISupportedInterfaceOrientations_iPhone = "UIInterfaceOrientationPortrait UIInterfaceOrientationLandscapeLeft UIInterfaceOrientationLandscapeRight";
				LD_RUNPATH_SEARCH_PATHS = (
					"$(inherited)",
					"@executable_path/Frameworks",
				);
				MARKETING_VERSION = 1.0;
				PRODUCT_BUNDLE_IDENTIFIER = com.igafox.com.attpractice;
				PRODUCT_NAME = "$(TARGET_NAME)";
				SWIFT_EMIT_LOC_STRINGS = YES;
				SWIFT_VERSION = 5.0;
				TARGETED_DEVICE_FAMILY = "1,2";
			};
			name = Release;
		};
		C3202342289BF97600EEF2A4 /* Debug */ = {
			isa = XCBuildConfiguration;
			buildSettings = {
				ALWAYS_EMBED_SWIFT_STANDARD_LIBRARIES = YES;
				BUNDLE_LOADER = "$(TEST_HOST)";
				CODE_SIGN_STYLE = Automatic;
				CURRENT_PROJECT_VERSION = 1;
				GENERATE_INFOPLIST_FILE = YES;
				IPHONEOS_DEPLOYMENT_TARGET = 15.5;
				MARKETING_VERSION = 1.0;
				PRODUCT_BUNDLE_IDENTIFIER = com.igafox.com.attpracticeTests;
				PRODUCT_NAME = "$(TARGET_NAME)";
				SWIFT_EMIT_LOC_STRINGS = NO;
				SWIFT_VERSION = 5.0;
				TARGETED_DEVICE_FAMILY = "1,2";
				TEST_HOST = "$(BUILT_PRODUCTS_DIR)/attpractice.app/attpractice";
			};
			name = Debug;
		};
		C3202343289BF97600EEF2A4 /* Release */ = {
			isa = XCBuildConfiguration;
			buildSettings = {
				ALWAYS_EMBED_SWIFT_STANDARD_LIBRARIES = YES;
				BUNDLE_LOADER = "$(TEST_HOST)";
				CODE_SIGN_STYLE = Automatic;
				CURRENT_PROJECT_VERSION = 1;
				GENERATE_INFOPLIST_FILE = YES;
				IPHONEOS_DEPLOYMENT_TARGET = 15.5;
				MARKETING_VERSION = 1.0;
				PRODUCT_BUNDLE_IDENTIFIER = com.igafox.com.attpracticeTests;
				PRODUCT_NAME = "$(TARGET_NAME)";
				SWIFT_EMIT_LOC_STRINGS = NO;
				SWIFT_VERSION = 5.0;
				TARGETED_DEVICE_FAMILY = "1,2";
				TEST_HOST = "$(BUILT_PRODUCTS_DIR)/attpractice.app/attpractice";
			};
			name = Release;
		};
		C3202345289BF97600EEF2A4 /* Debug */ = {
			isa = XCBuildConfiguration;
			buildSettings = {
				ALWAYS_EMBED_SWIFT_STANDARD_LIBRARIES = YES;
				CODE_SIGN_STYLE = Automatic;
				CURRENT_PROJECT_VERSION = 1;
				GENERATE_INFOPLIST_FILE = YES;
				MARKETING_VERSION = 1.0;
				PRODUCT_BUNDLE_IDENTIFIER = com.igafox.com.attpracticeUITests;
				PRODUCT_NAME = "$(TARGET_NAME)";
				SWIFT_EMIT_LOC_STRINGS = NO;
				SWIFT_VERSION = 5.0;
				TARGETED_DEVICE_FAMILY = "1,2";
				TEST_TARGET_NAME = attpractice;
			};
			name = Debug;
		};
		C3202346289BF97600EEF2A4 /* Release */ = {
			isa = XCBuildConfiguration;
			buildSettings = {
				ALWAYS_EMBED_SWIFT_STANDARD_LIBRARIES = YES;
				CODE_SIGN_STYLE = Automatic;
				CURRENT_PROJECT_VERSION = 1;
				GENERATE_INFOPLIST_FILE = YES;
				MARKETING_VERSION = 1.0;
				PRODUCT_BUNDLE_IDENTIFIER = com.igafox.com.attpracticeUITests;
				PRODUCT_NAME = "$(TARGET_NAME)";
				SWIFT_EMIT_LOC_STRINGS = NO;
				SWIFT_VERSION = 5.0;
				TARGETED_DEVICE_FAMILY = "1,2";
				TEST_TARGET_NAME = attpractice;
			};
			name = Release;
		};
/* End XCBuildConfiguration section */

/* Begin XCConfigurationList section */
		C320230F289BF97500EEF2A4 /* Build configuration list for PBXProject "attpractice" */ = {
			isa = XCConfigurationList;
			buildConfigurations = (
				C320233C289BF97600EEF2A4 /* Debug */,
				C320233D289BF97600EEF2A4 /* Release */,
			);
			defaultConfigurationIsVisible = 0;
			defaultConfigurationName = Release;
		};
		C320233E289BF97600EEF2A4 /* Build configuration list for PBXNativeTarget "attpractice" */ = {
			isa = XCConfigurationList;
			buildConfigurations = (
				C320233F289BF97600EEF2A4 /* Debug */,
				C3202340289BF97600EEF2A4 /* Release */,
			);
			defaultConfigurationIsVisible = 0;
			defaultConfigurationName = Release;
		};
		C3202341289BF97600EEF2A4 /* Build configuration list for PBXNativeTarget "attpracticeTests" */ = {
			isa = XCConfigurationList;
			buildConfigurations = (
				C3202342289BF97600EEF2A4 /* Debug */,
				C3202343289BF97600EEF2A4 /* Release */,
			);
			defaultConfigurationIsVisible = 0;
			defaultConfigurationName = Release;
		};
		C3202344289BF97600EEF2A4 /* Build configuration list for PBXNativeTarget "attpracticeUITests" */ = {
			isa = XCConfigurationList;
			buildConfigurations = (
				C3202345289BF97600EEF2A4 /* Debug */,
				C3202346289BF97600EEF2A4 /* Release */,
			);
			defaultConfigurationIsVisible = 0;
			defaultConfigurationName = Release;
		};
/* End XCConfigurationList section */
	};
	rootObject = C320230C289BF97500EEF2A4 /* Project object */;
}
